
Microsoft Visual Studio Solution File, Format Version 12.00
# Visual Studio Version 17
VisualStudioVersion = 17.0.31903.59
MinimumVisualStudioVersion = 10.0.40219.1
Project("{FAE04EC0-301F-11D3-BF4B-00C04F79EFBC}") = "JVDownloader", "JVDownloader\JVDownloader.csproj", "{76DD3EA6-0A74-461A-AD51-D89160B17C35}"
EndProject
Project("{2150E333-8FDC-42A3-9474-1A3956D46DE8}") = "Solution Items", "Solution Items", "{6610757B-8364-4656-AF72-029E7B73B5E0}"
	ProjectSection(SolutionItems) = preProject
		README.md = README.md
	EndProjectSection
EndProject
Project("{9A19103F-16F7-4668-BE54-9A1E7A4F7556}") = "JVParser", "JVParser\JVParser.csproj", "{7CEF1313-1844-485E-BA09-3C2EE741E72A}"
EndProject
Project("{FAE04EC0-301F-11D3-BF4B-00C04F79EFBC}") = "JVParquet", "JVParquet\JVParquet.csproj", "{30173006-3E9C-4E15-AC7B-BC334B996F84}"
EndProject
Project("{FAE04EC0-301F-11D3-BF4B-00C04F79EFBC}") = "JVDatabase", "JVDatabase\JVDatabase.csproj", "{5A03724B-7DCE-760B-E72D-B0A2627D61D7}"
EndProject
Project("{FAE04EC0-301F-11D3-BF4B-00C04F79EFBC}") = "JVParquet.Tests", "JVParquet.Tests\JVParquet.Tests.csproj", "{3B8CFD94-396A-4981-99B6-753B1EE12F19}"
EndProject
Global
	GlobalSection(SolutionConfigurationPlatforms) = preSolution
		Debug|Any CPU = Debug|Any CPU
		Release|Any CPU = Release|Any CPU
	EndGlobalSection
	GlobalSection(ProjectConfigurationPlatforms) = postSolution
		{76DD3EA6-0A74-461A-AD51-D89160B17C35}.Debug|Any CPU.ActiveCfg = Debug|Any CPU
		{76DD3EA6-0A74-461A-AD51-D89160B17C35}.Debug|Any CPU.Build.0 = Debug|Any CPU
		{76DD3EA6-0A74-461A-AD51-D89160B17C35}.Release|Any CPU.ActiveCfg = Release|Any CPU
		{76DD3EA6-0A74-461A-AD51-D89160B17C35}.Release|Any CPU.Build.0 = Release|Any CPU
		{7CEF1313-1844-485E-BA09-3C2EE741E72A}.Debug|Any CPU.ActiveCfg = Debug|Any CPU
		{7CEF1313-1844-485E-BA09-3C2EE741E72A}.Debug|Any CPU.Build.0 = Debug|Any CPU
		{7CEF1313-1844-485E-BA09-3C2EE741E72A}.Release|Any CPU.ActiveCfg = Release|Any CPU
		{7CEF1313-1844-485E-BA09-3C2EE741E72A}.Release|Any CPU.Build.0 = Release|Any CPU
		{30173006-3E9C-4E15-AC7B-BC334B996F84}.Debug|Any CPU.ActiveCfg = Debug|Any CPU
		{30173006-3E9C-4E15-AC7B-BC334B996F84}.Debug|Any CPU.Build.0 = Debug|Any CPU
		{30173006-3E9C-4E15-AC7B-BC334B996F84}.Release|Any CPU.ActiveCfg = Release|Any CPU
		{30173006-3E9C-4E15-AC7B-BC334B996F84}.Release|Any CPU.Build.0 = Release|Any CPU
		{5A03724B-7DCE-760B-E72D-B0A2627D61D7}.Debug|Any CPU.ActiveCfg = Debug|Any CPU
		{5A03724B-7DCE-760B-E72D-B0A2627D61D7}.Debug|Any CPU.Build.0 = Debug|Any CPU
		{5A03724B-7DCE-760B-E72D-B0A2627D61D7}.Release|Any CPU.ActiveCfg = Release|Any CPU
		{5A03724B-7DCE-760B-E72D-B0A2627D61D7}.Release|Any CPU.Build.0 = Release|Any CPU
		{3B8CFD94-396A-4981-99B6-753B1EE12F19}.Debug|Any CPU.ActiveCfg = Debug|Any CPU
		{3B8CFD94-396A-4981-99B6-753B1EE12F19}.Debug|Any CPU.Build.0 = Debug|Any CPU
		{3B8CFD94-396A-4981-99B6-753B1EE12F19}.Release|Any CPU.ActiveCfg = Release|Any CPU
		{3B8CFD94-396A-4981-99B6-753B1EE12F19}.Release|Any CPU.Build.0 = Release|Any CPU
	EndGlobalSection
	GlobalSection(SolutionProperties) = preSolution
		HideSolutionNode = FALSE
	EndGlobalSection
	GlobalSection(ExtensibilityGlobals) = postSolution
		SolutionGuid = {6802B4D1-89E5-4E6B-85BB-F0FC725556F2}
	EndGlobalSection
EndGlobal
